
Microsoft Visual Studio Solution File, Format Version 12.00
# Visual Studio Version 16
VisualStudioVersion = 16.0.29905.134
MinimumVisualStudioVersion = 10.0.40219.1
Project("{FAE04EC0-301F-11D3-BF4B-00C04F79EFBC}") = "ShopCar", "ShopCar\ShopCar.csproj", "{54A40882-D751-45DD-9BA9-B2163FD78C9E}"
EndProject
Project("{FAE04EC0-301F-11D3-BF4B-00C04F79EFBC}") = "Shoping.DAL", "Shoping.DAL\Shoping.DAL.csproj", "{1D6B5884-70A0-48FC-A891-7BC0979C31FA}"
EndProject
Project("{FAE04EC0-301F-11D3-BF4B-00C04F79EFBC}") = "Shoping.BLL", "Shoping.BLL\Shoping.BLL.csproj", "{44426BFB-915F-4023-B6CF-F94FDE231B4C}"
EndProject
Project("{FAE04EC0-301F-11D3-BF4B-00C04F79EFBC}") = "Shoping.PL", "Shoping.PL\Shoping.PL.csproj", "{C3F58BDE-7D5A-4057-8A23-6E2EB685DFA7}"
EndProject
Global
	GlobalSection(SolutionConfigurationPlatforms) = preSolution
		Debug|Any CPU = Debug|Any CPU
		Release|Any CPU = Release|Any CPU
	EndGlobalSection
	GlobalSection(ProjectConfigurationPlatforms) = postSolution
		{54A40882-D751-45DD-9BA9-B2163FD78C9E}.Debug|Any CPU.ActiveCfg = Debug|Any CPU
		{54A40882-D751-45DD-9BA9-B2163FD78C9E}.Debug|Any CPU.Build.0 = Debug|Any CPU
		{54A40882-D751-45DD-9BA9-B2163FD78C9E}.Release|Any CPU.ActiveCfg = Release|Any CPU
		{54A40882-D751-45DD-9BA9-B2163FD78C9E}.Release|Any CPU.Build.0 = Release|Any CPU
		{1D6B5884-70A0-48FC-A891-7BC0979C31FA}.Debug|Any CPU.ActiveCfg = Debug|Any CPU
		{1D6B5884-70A0-48FC-A891-7BC0979C31FA}.Debug|Any CPU.Build.0 = Debug|Any CPU
		{1D6B5884-70A0-48FC-A891-7BC0979C31FA}.Release|Any CPU.ActiveCfg = Release|Any CPU
		{1D6B5884-70A0-48FC-A891-7BC0979C31FA}.Release|Any CPU.Build.0 = Release|Any CPU
		{44426BFB-915F-4023-B6CF-F94FDE231B4C}.Debug|Any CPU.ActiveCfg = Debug|Any CPU
		{44426BFB-915F-4023-B6CF-F94FDE231B4C}.Debug|Any CPU.Build.0 = Debug|Any CPU
		{44426BFB-915F-4023-B6CF-F94FDE231B4C}.Release|Any CPU.ActiveCfg = Release|Any CPU
		{44426BFB-915F-4023-B6CF-F94FDE231B4C}.Release|Any CPU.Build.0 = Release|Any CPU
		{C3F58BDE-7D5A-4057-8A23-6E2EB685DFA7}.Debug|Any CPU.ActiveCfg = Debug|Any CPU
		{C3F58BDE-7D5A-4057-8A23-6E2EB685DFA7}.Debug|Any CPU.Build.0 = Debug|Any CPU
		{C3F58BDE-7D5A-4057-8A23-6E2EB685DFA7}.Release|Any CPU.ActiveCfg = Release|Any CPU
		{C3F58BDE-7D5A-4057-8A23-6E2EB685DFA7}.Release|Any CPU.Build.0 = Release|Any CPU
	EndGlobalSection
	GlobalSection(SolutionProperties) = preSolution
		HideSolutionNode = FALSE
	EndGlobalSection
	GlobalSection(ExtensibilityGlobals) = postSolution
		SolutionGuid = {4C918C71-18FC-43C6-8F63-2D53D1329239}
	EndGlobalSection
EndGlobal
